<?xml version="1.0" encoding="utf-8"?>
<Project ToolsVersion="4.0" xmlns="http://schemas.microsoft.com/developer/msbuild/2003">
  <ItemGroup>
    <Filter Include="來源檔案">
      <UniqueIdentifier>{4FC737F1-C7A5-4376-A066-2A32D752A2FF}</UniqueIdentifier>
      <Extensions>cpp;c;cc;cxx;c++;cppm;ixx;def;odl;idl;hpj;bat;asm;asmx</Extensions>
    </Filter>
    <Filter Include="標頭檔">
      <UniqueIdentifier>{93995380-89BD-4b04-88EB-625FBE52EBFB}</UniqueIdentifier>
      <Extensions>h;hh;hpp;hxx;h++;hm;inl;inc;ipp;xsd</Extensions>
    </Filter>
    <Filter Include="資源檔">
      <UniqueIdentifier>{67DA6AB6-F800-4c08-8B7A-83BB121AAD01}</UniqueIdentifier>
      <Extensions>rc;ico;cur;bmp;dlg;rc2;rct;bin;rgs;gif;jpg;jpeg;jpe;resx;tiff;tif;png;wav;mfcribbon-ms</Extensions>
    </Filter>
  </ItemGroup>
  <ItemGroup>
    <ClCompile Include="main.cpp">
      <Filter>資源檔</Filter>
    </ClCompile>
    <ClCompile Include="src\aruco_locating.cpp">
      <Filter>來源檔案</Filter>
    </ClCompile>
    <ClCompile Include="src\analysis.cpp">
      <Filter>來源檔案</Filter>
    </ClCompile>
    <ClCompile Include="src\aruco_detection.cpp">
      <Filter>來源檔案</Filter>
    </ClCompile>
    <ClCompile Include="src\aruco_detection_impl.cpp">
      <Filter>來源檔案</Filter>
    </ClCompile>
    <ClCompile Include="src\aruco_detection_setting.cpp">
      <Filter>來源檔案</Filter>
    </ClCompile>
    <ClCompile Include="src\dictionary.cpp">
      <Filter>來源檔案</Filter>
    </ClCompile>
    <ClCompile Include="src\frame.cpp">
      <Filter>來源檔案</Filter>
    </ClCompile>
    <ClCompile Include="src\marker.cpp">
      <Filter>來源檔案</Filter>
    </ClCompile>
    <ClCompile Include="src\params.cpp">
      <Filter>來源檔案</Filter>
    </ClCompile>
    <ClCompile Include="src\pnp_obj.cpp">
      <Filter>來源檔案</Filter>
    </ClCompile>
    <ClCompile Include="src\record.cpp">
      <Filter>來源檔案</Filter>
    </ClCompile>
    <ClCompile Include="src\region_select.cpp">
      <Filter>來源檔案</Filter>
    </ClCompile>
    <ClCompile Include="src\settings.cpp">
      <Filter>來源檔案</Filter>
    </ClCompile>
    <ClCompile Include="src\utils.cpp">
      <Filter>來源檔案</Filter>
    </ClCompile>
    <ClCompile Include="src\viz_window.cpp">
      <Filter>來源檔案</Filter>
    </ClCompile>
    <ClCompile Include="src\json_reader.cpp">
      <Filter>來源檔案</Filter>
    </ClCompile>
    <ClCompile Include="pch.cpp">
      <Filter>資源檔</Filter>
    </ClCompile>
    <ClCompile Include="src\pba\g2otypes_marker.cpp">
      <Filter>來源檔案</Filter>
    </ClCompile>
    <ClCompile Include="src\capture.cpp">
      <Filter>來源檔案</Filter>
    </ClCompile>
  </ItemGroup>
  <ItemGroup>
    <ClInclude Include="include\analysis.h">
      <Filter>標頭檔</Filter>
    </ClInclude>
    <ClInclude Include="include\aruco_detection.h">
      <Filter>標頭檔</Filter>
    </ClInclude>
    <ClInclude Include="include\aruco_detection_impl.h">
      <Filter>標頭檔</Filter>
    </ClInclude>
    <ClInclude Include="include\aruco_detection_setting.h">
      <Filter>標頭檔</Filter>
    </ClInclude>
    <ClInclude Include="include\capture.h">
      <Filter>標頭檔</Filter>
    </ClInclude>
    <ClInclude Include="include\dictionary.h">
      <Filter>標頭檔</Filter>
    </ClInclude>
    <ClInclude Include="include\frame.h">
      <Filter>標頭檔</Filter>
    </ClInclude>
    <ClInclude Include="include\aruco_locating.h">
      <Filter>標頭檔</Filter>
    </ClInclude>
    <ClInclude Include="include\marker.h">
      <Filter>標頭檔</Filter>
    </ClInclude>
    <ClInclude Include="include\params.h">
      <Filter>標頭檔</Filter>
    </ClInclude>
    <ClInclude Include="include\pnp_obj.h">
      <Filter>標頭檔</Filter>
    </ClInclude>
    <ClInclude Include="include\record.h">
      <Filter>標頭檔</Filter>
    </ClInclude>
    <ClInclude Include="include\region_select.h">
      <Filter>標頭檔</Filter>
    </ClInclude>
    <ClInclude Include="include\settings.h">
      <Filter>標頭檔</Filter>
    </ClInclude>
    <ClInclude Include="include\types.h">
      <Filter>標頭檔</Filter>
    </ClInclude>
    <ClInclude Include="include\utils.h">
      <Filter>標頭檔</Filter>
    </ClInclude>
    <ClInclude Include="include\viz_window.h">
      <Filter>標頭檔</Filter>
    </ClInclude>
    <ClInclude Include="include\json_reader.h">
      <Filter>標頭檔</Filter>
    </ClInclude>
    <ClInclude Include="include\pba\g2otypes_marker.h">
      <Filter>標頭檔</Filter>
    </ClInclude>
    <ClInclude Include="aruco_locating.h">
      <Filter>標頭檔</Filter>
    </ClInclude>
  </ItemGroup>
</Project>